
Microsoft Visual Studio Solution File, Format Version 12.00
# Visual Studio 14
VisualStudioVersion = 14.0.25420.1
MinimumVisualStudioVersion = 10.0.40219.1
Project("{FAE04EC0-301F-11D3-BF4B-00C04F79EFBC}") = "Frankentime.AcceptanceTests", "Frankentime.AcceptanceTests\Frankentime.AcceptanceTests.csproj", "{5367EBE5-3AF2-4F12-86BD-6BCB99DD6291}"
EndProject
Project("{FAE04EC0-301F-11D3-BF4B-00C04F79EFBC}") = "Frankentime.Domain", "Frankentime.Domain\Frankentime.Domain.csproj", "{DD6FC42A-A61F-4311-A56F-1556769D3542}"
EndProject
Project("{FAE04EC0-301F-11D3-BF4B-00C04F79EFBC}") = "Frankentime.WPF", "Frankentime.WPF\Frankentime.WPF.csproj", "{CC42A788-46D2-4D1B-B44C-6401343A4159}"
EndProject
Project("{FAE04EC0-301F-11D3-BF4B-00C04F79EFBC}") = "Frankentime.Domain.UnitTests", "Frankentime.Domain.UnitTests\Frankentime.Domain.UnitTests.csproj", "{248955A7-2342-4F9B-A294-3F1F5557D066}"
EndProject
Project("{FAE04EC0-301F-11D3-BF4B-00C04F79EFBC}") = "TestFramework", "TestFramework\TestFramework.csproj", "{40F56C56-2354-459D-9B04-AF5EA873FC5D}"
EndProject
Project("{2150E333-8FDC-42A3-9474-1A3956D46DE8}") = ".nuget", ".nuget", "{0F5ADB60-32BF-42AE-99E6-63973EA586A2}"
	ProjectSection(SolutionItems) = preProject
		.nuget\packages.config = .nuget\packages.config
	EndProjectSection
EndProject
Project("{2150E333-8FDC-42A3-9474-1A3956D46DE8}") = "Build", "Build", "{B27B69EA-2579-4C75-8DFD-0CC5D373CAB1}"
	ProjectSection(SolutionItems) = preProject
		Frankentime.build = Frankentime.build
	EndProjectSection
EndProject
Project("{FAE04EC0-301F-11D3-BF4B-00C04F79EFBC}") = "Frankentime.WPF.UnitTests", "Frankentime.WPF.UnitTests\Frankentime.WPF.UnitTests.csproj", "{3ABC2FF7-49FA-486C-B6AC-4083EADA8B81}"
EndProject
Global
	GlobalSection(SolutionConfigurationPlatforms) = preSolution
		Ad-Hoc|Any CPU = Ad-Hoc|Any CPU
		Ad-Hoc|ARM = Ad-Hoc|ARM
		Ad-Hoc|iPhone = Ad-Hoc|iPhone
		Ad-Hoc|iPhoneSimulator = Ad-Hoc|iPhoneSimulator
		Ad-Hoc|x64 = Ad-Hoc|x64
		Ad-Hoc|x86 = Ad-Hoc|x86
		AppStore|Any CPU = AppStore|Any CPU
		AppStore|ARM = AppStore|ARM
		AppStore|iPhone = AppStore|iPhone
		AppStore|iPhoneSimulator = AppStore|iPhoneSimulator
		AppStore|x64 = AppStore|x64
		AppStore|x86 = AppStore|x86
		Debug|Any CPU = Debug|Any CPU
		Debug|ARM = Debug|ARM
		Debug|iPhone = Debug|iPhone
		Debug|iPhoneSimulator = Debug|iPhoneSimulator
		Debug|x64 = Debug|x64
		Debug|x86 = Debug|x86
		Release|Any CPU = Release|Any CPU
		Release|ARM = Release|ARM
		Release|iPhone = Release|iPhone
		Release|iPhoneSimulator = Release|iPhoneSimulator
		Release|x64 = Release|x64
		Release|x86 = Release|x86
	EndGlobalSection
	GlobalSection(ProjectConfigurationPlatforms) = postSolution
		{5367EBE5-3AF2-4F12-86BD-6BCB99DD6291}.Ad-Hoc|Any CPU.ActiveCfg = Release|Any CPU
		{5367EBE5-3AF2-4F12-86BD-6BCB99DD6291}.Ad-Hoc|Any CPU.Build.0 = Release|Any CPU
		{5367EBE5-3AF2-4F12-86BD-6BCB99DD6291}.Ad-Hoc|ARM.ActiveCfg = Release|Any CPU
		{5367EBE5-3AF2-4F12-86BD-6BCB99DD6291}.Ad-Hoc|ARM.Build.0 = Release|Any CPU
		{5367EBE5-3AF2-4F12-86BD-6BCB99DD6291}.Ad-Hoc|iPhone.ActiveCfg = Release|Any CPU
		{5367EBE5-3AF2-4F12-86BD-6BCB99DD6291}.Ad-Hoc|iPhone.Build.0 = Release|Any CPU
		{5367EBE5-3AF2-4F12-86BD-6BCB99DD6291}.Ad-Hoc|iPhoneSimulator.ActiveCfg = Release|Any CPU
		{5367EBE5-3AF2-4F12-86BD-6BCB99DD6291}.Ad-Hoc|iPhoneSimulator.Build.0 = Release|Any CPU
		{5367EBE5-3AF2-4F12-86BD-6BCB99DD6291}.Ad-Hoc|x64.ActiveCfg = Release|Any CPU
		{5367EBE5-3AF2-4F12-86BD-6BCB99DD6291}.Ad-Hoc|x64.Build.0 = Release|Any CPU
		{5367EBE5-3AF2-4F12-86BD-6BCB99DD6291}.Ad-Hoc|x86.ActiveCfg = Release|Any CPU
		{5367EBE5-3AF2-4F12-86BD-6BCB99DD6291}.Ad-Hoc|x86.Build.0 = Release|Any CPU
		{5367EBE5-3AF2-4F12-86BD-6BCB99DD6291}.AppStore|Any CPU.ActiveCfg = Release|Any CPU
		{5367EBE5-3AF2-4F12-86BD-6BCB99DD6291}.AppStore|Any CPU.Build.0 = Release|Any CPU
		{5367EBE5-3AF2-4F12-86BD-6BCB99DD6291}.AppStore|ARM.ActiveCfg = Release|Any CPU
		{5367EBE5-3AF2-4F12-86BD-6BCB99DD6291}.AppStore|ARM.Build.0 = Release|Any CPU
		{5367EBE5-3AF2-4F12-86BD-6BCB99DD6291}.AppStore|iPhone.ActiveCfg = Release|Any CPU
		{5367EBE5-3AF2-4F12-86BD-6BCB99DD6291}.AppStore|iPhone.Build.0 = Release|Any CPU
		{5367EBE5-3AF2-4F12-86BD-6BCB99DD6291}.AppStore|iPhoneSimulator.ActiveCfg = Release|Any CPU
		{5367EBE5-3AF2-4F12-86BD-6BCB99DD6291}.AppStore|iPhoneSimulator.Build.0 = Release|Any CPU
		{5367EBE5-3AF2-4F12-86BD-6BCB99DD6291}.AppStore|x64.ActiveCfg = Release|Any CPU
		{5367EBE5-3AF2-4F12-86BD-6BCB99DD6291}.AppStore|x64.Build.0 = Release|Any CPU
		{5367EBE5-3AF2-4F12-86BD-6BCB99DD6291}.AppStore|x86.ActiveCfg = Release|Any CPU
		{5367EBE5-3AF2-4F12-86BD-6BCB99DD6291}.AppStore|x86.Build.0 = Release|Any CPU
		{5367EBE5-3AF2-4F12-86BD-6BCB99DD6291}.Debug|Any CPU.ActiveCfg = Debug|Any CPU
		{5367EBE5-3AF2-4F12-86BD-6BCB99DD6291}.Debug|Any CPU.Build.0 = Debug|Any CPU
		{5367EBE5-3AF2-4F12-86BD-6BCB99DD6291}.Debug|ARM.ActiveCfg = Debug|Any CPU
		{5367EBE5-3AF2-4F12-86BD-6BCB99DD6291}.Debug|ARM.Build.0 = Debug|Any CPU
		{5367EBE5-3AF2-4F12-86BD-6BCB99DD6291}.Debug|iPhone.ActiveCfg = Debug|Any CPU
		{5367EBE5-3AF2-4F12-86BD-6BCB99DD6291}.Debug|iPhone.Build.0 = Debug|Any CPU
		{5367EBE5-3AF2-4F12-86BD-6BCB99DD6291}.Debug|iPhoneSimulator.ActiveCfg = Debug|Any CPU
		{5367EBE5-3AF2-4F12-86BD-6BCB99DD6291}.Debug|iPhoneSimulator.Build.0 = Debug|Any CPU
		{5367EBE5-3AF2-4F12-86BD-6BCB99DD6291}.Debug|x64.ActiveCfg = Debug|Any CPU
		{5367EBE5-3AF2-4F12-86BD-6BCB99DD6291}.Debug|x64.Build.0 = Debug|Any CPU
		{5367EBE5-3AF2-4F12-86BD-6BCB99DD6291}.Debug|x86.ActiveCfg = Debug|Any CPU
		{5367EBE5-3AF2-4F12-86BD-6BCB99DD6291}.Debug|x86.Build.0 = Debug|Any CPU
		{5367EBE5-3AF2-4F12-86BD-6BCB99DD6291}.Release|Any CPU.ActiveCfg = Release|Any CPU
		{5367EBE5-3AF2-4F12-86BD-6BCB99DD6291}.Release|Any CPU.Build.0 = Release|Any CPU
		{5367EBE5-3AF2-4F12-86BD-6BCB99DD6291}.Release|ARM.ActiveCfg = Release|Any CPU
		{5367EBE5-3AF2-4F12-86BD-6BCB99DD6291}.Release|ARM.Build.0 = Release|Any CPU
		{5367EBE5-3AF2-4F12-86BD-6BCB99DD6291}.Release|iPhone.ActiveCfg = Release|Any CPU
		{5367EBE5-3AF2-4F12-86BD-6BCB99DD6291}.Release|iPhone.Build.0 = Release|Any CPU
		{5367EBE5-3AF2-4F12-86BD-6BCB99DD6291}.Release|iPhoneSimulator.ActiveCfg = Release|Any CPU
		{5367EBE5-3AF2-4F12-86BD-6BCB99DD6291}.Release|iPhoneSimulator.Build.0 = Release|Any CPU
		{5367EBE5-3AF2-4F12-86BD-6BCB99DD6291}.Release|x64.ActiveCfg = Release|Any CPU
		{5367EBE5-3AF2-4F12-86BD-6BCB99DD6291}.Release|x64.Build.0 = Release|Any CPU
		{5367EBE5-3AF2-4F12-86BD-6BCB99DD6291}.Release|x86.ActiveCfg = Release|Any CPU
		{5367EBE5-3AF2-4F12-86BD-6BCB99DD6291}.Release|x86.Build.0 = Release|Any CPU
		{DD6FC42A-A61F-4311-A56F-1556769D3542}.Ad-Hoc|Any CPU.ActiveCfg = Release|Any CPU
		{DD6FC42A-A61F-4311-A56F-1556769D3542}.Ad-Hoc|Any CPU.Build.0 = Release|Any CPU
		{DD6FC42A-A61F-4311-A56F-1556769D3542}.Ad-Hoc|ARM.ActiveCfg = Release|Any CPU
		{DD6FC42A-A61F-4311-A56F-1556769D3542}.Ad-Hoc|ARM.Build.0 = Release|Any CPU
		{DD6FC42A-A61F-4311-A56F-1556769D3542}.Ad-Hoc|iPhone.ActiveCfg = Release|Any CPU
		{DD6FC42A-A61F-4311-A56F-1556769D3542}.Ad-Hoc|iPhone.Build.0 = Release|Any CPU
		{DD6FC42A-A61F-4311-A56F-1556769D3542}.Ad-Hoc|iPhoneSimulator.ActiveCfg = Release|Any CPU
		{DD6FC42A-A61F-4311-A56F-1556769D3542}.Ad-Hoc|iPhoneSimulator.Build.0 = Release|Any CPU
		{DD6FC42A-A61F-4311-A56F-1556769D3542}.Ad-Hoc|x64.ActiveCfg = Release|Any CPU
		{DD6FC42A-A61F-4311-A56F-1556769D3542}.Ad-Hoc|x64.Build.0 = Release|Any CPU
		{DD6FC42A-A61F-4311-A56F-1556769D3542}.Ad-Hoc|x86.ActiveCfg = Release|Any CPU
		{DD6FC42A-A61F-4311-A56F-1556769D3542}.Ad-Hoc|x86.Build.0 = Release|Any CPU
		{DD6FC42A-A61F-4311-A56F-1556769D3542}.AppStore|Any CPU.ActiveCfg = Release|Any CPU
		{DD6FC42A-A61F-4311-A56F-1556769D3542}.AppStore|Any CPU.Build.0 = Release|Any CPU
		{DD6FC42A-A61F-4311-A56F-1556769D3542}.AppStore|ARM.ActiveCfg = Release|Any CPU
		{DD6FC42A-A61F-4311-A56F-1556769D3542}.AppStore|ARM.Build.0 = Release|Any CPU
		{DD6FC42A-A61F-4311-A56F-1556769D3542}.AppStore|iPhone.ActiveCfg = Release|Any CPU
		{DD6FC42A-A61F-4311-A56F-1556769D3542}.AppStore|iPhone.Build.0 = Release|Any CPU
		{DD6FC42A-A61F-4311-A56F-1556769D3542}.AppStore|iPhoneSimulator.ActiveCfg = Release|Any CPU
		{DD6FC42A-A61F-4311-A56F-1556769D3542}.AppStore|iPhoneSimulator.Build.0 = Release|Any CPU
		{DD6FC42A-A61F-4311-A56F-1556769D3542}.AppStore|x64.ActiveCfg = Release|Any CPU
		{DD6FC42A-A61F-4311-A56F-1556769D3542}.AppStore|x64.Build.0 = Release|Any CPU
		{DD6FC42A-A61F-4311-A56F-1556769D3542}.AppStore|x86.ActiveCfg = Release|Any CPU
		{DD6FC42A-A61F-4311-A56F-1556769D3542}.AppStore|x86.Build.0 = Release|Any CPU
		{DD6FC42A-A61F-4311-A56F-1556769D3542}.Debug|Any CPU.ActiveCfg = Debug|Any CPU
		{DD6FC42A-A61F-4311-A56F-1556769D3542}.Debug|Any CPU.Build.0 = Debug|Any CPU
		{DD6FC42A-A61F-4311-A56F-1556769D3542}.Debug|ARM.ActiveCfg = Debug|Any CPU
		{DD6FC42A-A61F-4311-A56F-1556769D3542}.Debug|ARM.Build.0 = Debug|Any CPU
		{DD6FC42A-A61F-4311-A56F-1556769D3542}.Debug|iPhone.ActiveCfg = Debug|Any CPU
		{DD6FC42A-A61F-4311-A56F-1556769D3542}.Debug|iPhone.Build.0 = Debug|Any CPU
		{DD6FC42A-A61F-4311-A56F-1556769D3542}.Debug|iPhoneSimulator.ActiveCfg = Debug|Any CPU
		{DD6FC42A-A61F-4311-A56F-1556769D3542}.Debug|iPhoneSimulator.Build.0 = Debug|Any CPU
		{DD6FC42A-A61F-4311-A56F-1556769D3542}.Debug|x64.ActiveCfg = Debug|Any CPU
		{DD6FC42A-A61F-4311-A56F-1556769D3542}.Debug|x64.Build.0 = Debug|Any CPU
		{DD6FC42A-A61F-4311-A56F-1556769D3542}.Debug|x86.ActiveCfg = Debug|Any CPU
		{DD6FC42A-A61F-4311-A56F-1556769D3542}.Debug|x86.Build.0 = Debug|Any CPU
		{DD6FC42A-A61F-4311-A56F-1556769D3542}.Release|Any CPU.ActiveCfg = Release|Any CPU
		{DD6FC42A-A61F-4311-A56F-1556769D3542}.Release|Any CPU.Build.0 = Release|Any CPU
		{DD6FC42A-A61F-4311-A56F-1556769D3542}.Release|ARM.ActiveCfg = Release|Any CPU
		{DD6FC42A-A61F-4311-A56F-1556769D3542}.Release|ARM.Build.0 = Release|Any CPU
		{DD6FC42A-A61F-4311-A56F-1556769D3542}.Release|iPhone.ActiveCfg = Release|Any CPU
		{DD6FC42A-A61F-4311-A56F-1556769D3542}.Release|iPhone.Build.0 = Release|Any CPU
		{DD6FC42A-A61F-4311-A56F-1556769D3542}.Release|iPhoneSimulator.ActiveCfg = Release|Any CPU
		{DD6FC42A-A61F-4311-A56F-1556769D3542}.Release|iPhoneSimulator.Build.0 = Release|Any CPU
		{DD6FC42A-A61F-4311-A56F-1556769D3542}.Release|x64.ActiveCfg = Release|Any CPU
		{DD6FC42A-A61F-4311-A56F-1556769D3542}.Release|x64.Build.0 = Release|Any CPU
		{DD6FC42A-A61F-4311-A56F-1556769D3542}.Release|x86.ActiveCfg = Release|Any CPU
		{DD6FC42A-A61F-4311-A56F-1556769D3542}.Release|x86.Build.0 = Release|Any CPU
		{CC42A788-46D2-4D1B-B44C-6401343A4159}.Ad-Hoc|Any CPU.ActiveCfg = Release|Any CPU
		{CC42A788-46D2-4D1B-B44C-6401343A4159}.Ad-Hoc|Any CPU.Build.0 = Release|Any CPU
		{CC42A788-46D2-4D1B-B44C-6401343A4159}.Ad-Hoc|ARM.ActiveCfg = Release|Any CPU
		{CC42A788-46D2-4D1B-B44C-6401343A4159}.Ad-Hoc|ARM.Build.0 = Release|Any CPU
		{CC42A788-46D2-4D1B-B44C-6401343A4159}.Ad-Hoc|iPhone.ActiveCfg = Release|Any CPU
		{CC42A788-46D2-4D1B-B44C-6401343A4159}.Ad-Hoc|iPhone.Build.0 = Release|Any CPU
		{CC42A788-46D2-4D1B-B44C-6401343A4159}.Ad-Hoc|iPhoneSimulator.ActiveCfg = Release|Any CPU
		{CC42A788-46D2-4D1B-B44C-6401343A4159}.Ad-Hoc|iPhoneSimulator.Build.0 = Release|Any CPU
		{CC42A788-46D2-4D1B-B44C-6401343A4159}.Ad-Hoc|x64.ActiveCfg = Release|Any CPU
		{CC42A788-46D2-4D1B-B44C-6401343A4159}.Ad-Hoc|x64.Build.0 = Release|Any CPU
		{CC42A788-46D2-4D1B-B44C-6401343A4159}.Ad-Hoc|x86.ActiveCfg = Release|Any CPU
		{CC42A788-46D2-4D1B-B44C-6401343A4159}.Ad-Hoc|x86.Build.0 = Release|Any CPU
		{CC42A788-46D2-4D1B-B44C-6401343A4159}.AppStore|Any CPU.ActiveCfg = Release|Any CPU
		{CC42A788-46D2-4D1B-B44C-6401343A4159}.AppStore|Any CPU.Build.0 = Release|Any CPU
		{CC42A788-46D2-4D1B-B44C-6401343A4159}.AppStore|ARM.ActiveCfg = Release|Any CPU
		{CC42A788-46D2-4D1B-B44C-6401343A4159}.AppStore|ARM.Build.0 = Release|Any CPU
		{CC42A788-46D2-4D1B-B44C-6401343A4159}.AppStore|iPhone.ActiveCfg = Release|Any CPU
		{CC42A788-46D2-4D1B-B44C-6401343A4159}.AppStore|iPhone.Build.0 = Release|Any CPU
		{CC42A788-46D2-4D1B-B44C-6401343A4159}.AppStore|iPhoneSimulator.ActiveCfg = Release|Any CPU
		{CC42A788-46D2-4D1B-B44C-6401343A4159}.AppStore|iPhoneSimulator.Build.0 = Release|Any CPU
		{CC42A788-46D2-4D1B-B44C-6401343A4159}.AppStore|x64.ActiveCfg = Release|Any CPU
		{CC42A788-46D2-4D1B-B44C-6401343A4159}.AppStore|x64.Build.0 = Release|Any CPU
		{CC42A788-46D2-4D1B-B44C-6401343A4159}.AppStore|x86.ActiveCfg = Release|Any CPU
		{CC42A788-46D2-4D1B-B44C-6401343A4159}.AppStore|x86.Build.0 = Release|Any CPU
		{CC42A788-46D2-4D1B-B44C-6401343A4159}.Debug|Any CPU.ActiveCfg = Debug|Any CPU
		{CC42A788-46D2-4D1B-B44C-6401343A4159}.Debug|Any CPU.Build.0 = Debug|Any CPU
		{CC42A788-46D2-4D1B-B44C-6401343A4159}.Debug|ARM.ActiveCfg = Debug|Any CPU
		{CC42A788-46D2-4D1B-B44C-6401343A4159}.Debug|ARM.Build.0 = Debug|Any CPU
		{CC42A788-46D2-4D1B-B44C-6401343A4159}.Debug|iPhone.ActiveCfg = Debug|Any CPU
		{CC42A788-46D2-4D1B-B44C-6401343A4159}.Debug|iPhone.Build.0 = Debug|Any CPU
		{CC42A788-46D2-4D1B-B44C-6401343A4159}.Debug|iPhoneSimulator.ActiveCfg = Debug|Any CPU
		{CC42A788-46D2-4D1B-B44C-6401343A4159}.Debug|iPhoneSimulator.Build.0 = Debug|Any CPU
		{CC42A788-46D2-4D1B-B44C-6401343A4159}.Debug|x64.ActiveCfg = Debug|Any CPU
		{CC42A788-46D2-4D1B-B44C-6401343A4159}.Debug|x64.Build.0 = Debug|Any CPU
		{CC42A788-46D2-4D1B-B44C-6401343A4159}.Debug|x86.ActiveCfg = Debug|Any CPU
		{CC42A788-46D2-4D1B-B44C-6401343A4159}.Debug|x86.Build.0 = Debug|Any CPU
		{CC42A788-46D2-4D1B-B44C-6401343A4159}.Release|Any CPU.ActiveCfg = Release|Any CPU
		{CC42A788-46D2-4D1B-B44C-6401343A4159}.Release|Any CPU.Build.0 = Release|Any CPU
		{CC42A788-46D2-4D1B-B44C-6401343A4159}.Release|ARM.ActiveCfg = Release|Any CPU
		{CC42A788-46D2-4D1B-B44C-6401343A4159}.Release|ARM.Build.0 = Release|Any CPU
		{CC42A788-46D2-4D1B-B44C-6401343A4159}.Release|iPhone.ActiveCfg = Release|Any CPU
		{CC42A788-46D2-4D1B-B44C-6401343A4159}.Release|iPhone.Build.0 = Release|Any CPU
		{CC42A788-46D2-4D1B-B44C-6401343A4159}.Release|iPhoneSimulator.ActiveCfg = Release|Any CPU
		{CC42A788-46D2-4D1B-B44C-6401343A4159}.Release|iPhoneSimulator.Build.0 = Release|Any CPU
		{CC42A788-46D2-4D1B-B44C-6401343A4159}.Release|x64.ActiveCfg = Release|Any CPU
		{CC42A788-46D2-4D1B-B44C-6401343A4159}.Release|x64.Build.0 = Release|Any CPU
		{CC42A788-46D2-4D1B-B44C-6401343A4159}.Release|x86.ActiveCfg = Release|Any CPU
		{CC42A788-46D2-4D1B-B44C-6401343A4159}.Release|x86.Build.0 = Release|Any CPU
		{248955A7-2342-4F9B-A294-3F1F5557D066}.Ad-Hoc|Any CPU.ActiveCfg = Release|Any CPU
		{248955A7-2342-4F9B-A294-3F1F5557D066}.Ad-Hoc|Any CPU.Build.0 = Release|Any CPU
		{248955A7-2342-4F9B-A294-3F1F5557D066}.Ad-Hoc|ARM.ActiveCfg = Release|Any CPU
		{248955A7-2342-4F9B-A294-3F1F5557D066}.Ad-Hoc|ARM.Build.0 = Release|Any CPU
		{248955A7-2342-4F9B-A294-3F1F5557D066}.Ad-Hoc|iPhone.ActiveCfg = Release|Any CPU
		{248955A7-2342-4F9B-A294-3F1F5557D066}.Ad-Hoc|iPhone.Build.0 = Release|Any CPU
		{248955A7-2342-4F9B-A294-3F1F5557D066}.Ad-Hoc|iPhoneSimulator.ActiveCfg = Release|Any CPU
		{248955A7-2342-4F9B-A294-3F1F5557D066}.Ad-Hoc|iPhoneSimulator.Build.0 = Release|Any CPU
		{248955A7-2342-4F9B-A294-3F1F5557D066}.Ad-Hoc|x64.ActiveCfg = Release|Any CPU
		{248955A7-2342-4F9B-A294-3F1F5557D066}.Ad-Hoc|x64.Build.0 = Release|Any CPU
		{248955A7-2342-4F9B-A294-3F1F5557D066}.Ad-Hoc|x86.ActiveCfg = Release|Any CPU
		{248955A7-2342-4F9B-A294-3F1F5557D066}.Ad-Hoc|x86.Build.0 = Release|Any CPU
		{248955A7-2342-4F9B-A294-3F1F5557D066}.AppStore|Any CPU.ActiveCfg = Release|Any CPU
		{248955A7-2342-4F9B-A294-3F1F5557D066}.AppStore|Any CPU.Build.0 = Release|Any CPU
		{248955A7-2342-4F9B-A294-3F1F5557D066}.AppStore|ARM.ActiveCfg = Release|Any CPU
		{248955A7-2342-4F9B-A294-3F1F5557D066}.AppStore|ARM.Build.0 = Release|Any CPU
		{248955A7-2342-4F9B-A294-3F1F5557D066}.AppStore|iPhone.ActiveCfg = Release|Any CPU
		{248955A7-2342-4F9B-A294-3F1F5557D066}.AppStore|iPhone.Build.0 = Release|Any CPU
		{248955A7-2342-4F9B-A294-3F1F5557D066}.AppStore|iPhoneSimulator.ActiveCfg = Release|Any CPU
		{248955A7-2342-4F9B-A294-3F1F5557D066}.AppStore|iPhoneSimulator.Build.0 = Release|Any CPU
		{248955A7-2342-4F9B-A294-3F1F5557D066}.AppStore|x64.ActiveCfg = Release|Any CPU
		{248955A7-2342-4F9B-A294-3F1F5557D066}.AppStore|x64.Build.0 = Release|Any CPU
		{248955A7-2342-4F9B-A294-3F1F5557D066}.AppStore|x86.ActiveCfg = Release|Any CPU
		{248955A7-2342-4F9B-A294-3F1F5557D066}.AppStore|x86.Build.0 = Release|Any CPU
		{248955A7-2342-4F9B-A294-3F1F5557D066}.Debug|Any CPU.ActiveCfg = Debug|Any CPU
		{248955A7-2342-4F9B-A294-3F1F5557D066}.Debug|Any CPU.Build.0 = Debug|Any CPU
		{248955A7-2342-4F9B-A294-3F1F5557D066}.Debug|ARM.ActiveCfg = Debug|Any CPU
		{248955A7-2342-4F9B-A294-3F1F5557D066}.Debug|ARM.Build.0 = Debug|Any CPU
		{248955A7-2342-4F9B-A294-3F1F5557D066}.Debug|iPhone.ActiveCfg = Debug|Any CPU
		{248955A7-2342-4F9B-A294-3F1F5557D066}.Debug|iPhone.Build.0 = Debug|Any CPU
		{248955A7-2342-4F9B-A294-3F1F5557D066}.Debug|iPhoneSimulator.ActiveCfg = Debug|Any CPU
		{248955A7-2342-4F9B-A294-3F1F5557D066}.Debug|iPhoneSimulator.Build.0 = Debug|Any CPU
		{248955A7-2342-4F9B-A294-3F1F5557D066}.Debug|x64.ActiveCfg = Debug|Any CPU
		{248955A7-2342-4F9B-A294-3F1F5557D066}.Debug|x64.Build.0 = Debug|Any CPU
		{248955A7-2342-4F9B-A294-3F1F5557D066}.Debug|x86.ActiveCfg = Debug|Any CPU
		{248955A7-2342-4F9B-A294-3F1F5557D066}.Debug|x86.Build.0 = Debug|Any CPU
		{248955A7-2342-4F9B-A294-3F1F5557D066}.Release|Any CPU.ActiveCfg = Release|Any CPU
		{248955A7-2342-4F9B-A294-3F1F5557D066}.Release|Any CPU.Build.0 = Release|Any CPU
		{248955A7-2342-4F9B-A294-3F1F5557D066}.Release|ARM.ActiveCfg = Release|Any CPU
		{248955A7-2342-4F9B-A294-3F1F5557D066}.Release|ARM.Build.0 = Release|Any CPU
		{248955A7-2342-4F9B-A294-3F1F5557D066}.Release|iPhone.ActiveCfg = Release|Any CPU
		{248955A7-2342-4F9B-A294-3F1F5557D066}.Release|iPhone.Build.0 = Release|Any CPU
		{248955A7-2342-4F9B-A294-3F1F5557D066}.Release|iPhoneSimulator.ActiveCfg = Release|Any CPU
		{248955A7-2342-4F9B-A294-3F1F5557D066}.Release|iPhoneSimulator.Build.0 = Release|Any CPU
		{248955A7-2342-4F9B-A294-3F1F5557D066}.Release|x64.ActiveCfg = Release|Any CPU
		{248955A7-2342-4F9B-A294-3F1F5557D066}.Release|x64.Build.0 = Release|Any CPU
		{248955A7-2342-4F9B-A294-3F1F5557D066}.Release|x86.ActiveCfg = Release|Any CPU
		{248955A7-2342-4F9B-A294-3F1F5557D066}.Release|x86.Build.0 = Release|Any CPU
		{40F56C56-2354-459D-9B04-AF5EA873FC5D}.Ad-Hoc|Any CPU.ActiveCfg = Release|Any CPU
		{40F56C56-2354-459D-9B04-AF5EA873FC5D}.Ad-Hoc|Any CPU.Build.0 = Release|Any CPU
		{40F56C56-2354-459D-9B04-AF5EA873FC5D}.Ad-Hoc|ARM.ActiveCfg = Release|Any CPU
		{40F56C56-2354-459D-9B04-AF5EA873FC5D}.Ad-Hoc|ARM.Build.0 = Release|Any CPU
		{40F56C56-2354-459D-9B04-AF5EA873FC5D}.Ad-Hoc|iPhone.ActiveCfg = Release|Any CPU
		{40F56C56-2354-459D-9B04-AF5EA873FC5D}.Ad-Hoc|iPhone.Build.0 = Release|Any CPU
		{40F56C56-2354-459D-9B04-AF5EA873FC5D}.Ad-Hoc|iPhoneSimulator.ActiveCfg = Release|Any CPU
		{40F56C56-2354-459D-9B04-AF5EA873FC5D}.Ad-Hoc|iPhoneSimulator.Build.0 = Release|Any CPU
		{40F56C56-2354-459D-9B04-AF5EA873FC5D}.Ad-Hoc|x64.ActiveCfg = Release|Any CPU
		{40F56C56-2354-459D-9B04-AF5EA873FC5D}.Ad-Hoc|x64.Build.0 = Release|Any CPU
		{40F56C56-2354-459D-9B04-AF5EA873FC5D}.Ad-Hoc|x86.ActiveCfg = Release|Any CPU
		{40F56C56-2354-459D-9B04-AF5EA873FC5D}.Ad-Hoc|x86.Build.0 = Release|Any CPU
		{40F56C56-2354-459D-9B04-AF5EA873FC5D}.AppStore|Any CPU.ActiveCfg = Release|Any CPU
		{40F56C56-2354-459D-9B04-AF5EA873FC5D}.AppStore|Any CPU.Build.0 = Release|Any CPU
		{40F56C56-2354-459D-9B04-AF5EA873FC5D}.AppStore|ARM.ActiveCfg = Release|Any CPU
		{40F56C56-2354-459D-9B04-AF5EA873FC5D}.AppStore|ARM.Build.0 = Release|Any CPU
		{40F56C56-2354-459D-9B04-AF5EA873FC5D}.AppStore|iPhone.ActiveCfg = Release|Any CPU
		{40F56C56-2354-459D-9B04-AF5EA873FC5D}.AppStore|iPhone.Build.0 = Release|Any CPU
		{40F56C56-2354-459D-9B04-AF5EA873FC5D}.AppStore|iPhoneSimulator.ActiveCfg = Release|Any CPU
		{40F56C56-2354-459D-9B04-AF5EA873FC5D}.AppStore|iPhoneSimulator.Build.0 = Release|Any CPU
		{40F56C56-2354-459D-9B04-AF5EA873FC5D}.AppStore|x64.ActiveCfg = Release|Any CPU
		{40F56C56-2354-459D-9B04-AF5EA873FC5D}.AppStore|x64.Build.0 = Release|Any CPU
		{40F56C56-2354-459D-9B04-AF5EA873FC5D}.AppStore|x86.ActiveCfg = Release|Any CPU
		{40F56C56-2354-459D-9B04-AF5EA873FC5D}.AppStore|x86.Build.0 = Release|Any CPU
		{40F56C56-2354-459D-9B04-AF5EA873FC5D}.Debug|Any CPU.ActiveCfg = Debug|Any CPU
		{40F56C56-2354-459D-9B04-AF5EA873FC5D}.Debug|Any CPU.Build.0 = Debug|Any CPU
		{40F56C56-2354-459D-9B04-AF5EA873FC5D}.Debug|ARM.ActiveCfg = Debug|Any CPU
		{40F56C56-2354-459D-9B04-AF5EA873FC5D}.Debug|ARM.Build.0 = Debug|Any CPU
		{40F56C56-2354-459D-9B04-AF5EA873FC5D}.Debug|iPhone.ActiveCfg = Debug|Any CPU
		{40F56C56-2354-459D-9B04-AF5EA873FC5D}.Debug|iPhone.Build.0 = Debug|Any CPU
		{40F56C56-2354-459D-9B04-AF5EA873FC5D}.Debug|iPhoneSimulator.ActiveCfg = Debug|Any CPU
		{40F56C56-2354-459D-9B04-AF5EA873FC5D}.Debug|iPhoneSimulator.Build.0 = Debug|Any CPU
		{40F56C56-2354-459D-9B04-AF5EA873FC5D}.Debug|x64.ActiveCfg = Debug|Any CPU
		{40F56C56-2354-459D-9B04-AF5EA873FC5D}.Debug|x64.Build.0 = Debug|Any CPU
		{40F56C56-2354-459D-9B04-AF5EA873FC5D}.Debug|x86.ActiveCfg = Debug|Any CPU
		{40F56C56-2354-459D-9B04-AF5EA873FC5D}.Debug|x86.Build.0 = Debug|Any CPU
		{40F56C56-2354-459D-9B04-AF5EA873FC5D}.Release|Any CPU.ActiveCfg = Release|Any CPU
		{40F56C56-2354-459D-9B04-AF5EA873FC5D}.Release|Any CPU.Build.0 = Release|Any CPU
		{40F56C56-2354-459D-9B04-AF5EA873FC5D}.Release|ARM.ActiveCfg = Release|Any CPU
		{40F56C56-2354-459D-9B04-AF5EA873FC5D}.Release|ARM.Build.0 = Release|Any CPU
		{40F56C56-2354-459D-9B04-AF5EA873FC5D}.Release|iPhone.ActiveCfg = Release|Any CPU
		{40F56C56-2354-459D-9B04-AF5EA873FC5D}.Release|iPhone.Build.0 = Release|Any CPU
		{40F56C56-2354-459D-9B04-AF5EA873FC5D}.Release|iPhoneSimulator.ActiveCfg = Release|Any CPU
		{40F56C56-2354-459D-9B04-AF5EA873FC5D}.Release|iPhoneSimulator.Build.0 = Release|Any CPU
		{40F56C56-2354-459D-9B04-AF5EA873FC5D}.Release|x64.ActiveCfg = Release|Any CPU
		{40F56C56-2354-459D-9B04-AF5EA873FC5D}.Release|x64.Build.0 = Release|Any CPU
		{40F56C56-2354-459D-9B04-AF5EA873FC5D}.Release|x86.ActiveCfg = Release|Any CPU
		{40F56C56-2354-459D-9B04-AF5EA873FC5D}.Release|x86.Build.0 = Release|Any CPU
		{3ABC2FF7-49FA-486C-B6AC-4083EADA8B81}.Ad-Hoc|Any CPU.ActiveCfg = Release|Any CPU
		{3ABC2FF7-49FA-486C-B6AC-4083EADA8B81}.Ad-Hoc|Any CPU.Build.0 = Release|Any CPU
		{3ABC2FF7-49FA-486C-B6AC-4083EADA8B81}.Ad-Hoc|ARM.ActiveCfg = Release|Any CPU
		{3ABC2FF7-49FA-486C-B6AC-4083EADA8B81}.Ad-Hoc|ARM.Build.0 = Release|Any CPU
		{3ABC2FF7-49FA-486C-B6AC-4083EADA8B81}.Ad-Hoc|iPhone.ActiveCfg = Release|Any CPU
		{3ABC2FF7-49FA-486C-B6AC-4083EADA8B81}.Ad-Hoc|iPhone.Build.0 = Release|Any CPU
		{3ABC2FF7-49FA-486C-B6AC-4083EADA8B81}.Ad-Hoc|iPhoneSimulator.ActiveCfg = Release|Any CPU
		{3ABC2FF7-49FA-486C-B6AC-4083EADA8B81}.Ad-Hoc|iPhoneSimulator.Build.0 = Release|Any CPU
		{3ABC2FF7-49FA-486C-B6AC-4083EADA8B81}.Ad-Hoc|x64.ActiveCfg = Release|Any CPU
		{3ABC2FF7-49FA-486C-B6AC-4083EADA8B81}.Ad-Hoc|x64.Build.0 = Release|Any CPU
		{3ABC2FF7-49FA-486C-B6AC-4083EADA8B81}.Ad-Hoc|x86.ActiveCfg = Release|Any CPU
		{3ABC2FF7-49FA-486C-B6AC-4083EADA8B81}.Ad-Hoc|x86.Build.0 = Release|Any CPU
		{3ABC2FF7-49FA-486C-B6AC-4083EADA8B81}.AppStore|Any CPU.ActiveCfg = Release|Any CPU
		{3ABC2FF7-49FA-486C-B6AC-4083EADA8B81}.AppStore|Any CPU.Build.0 = Release|Any CPU
		{3ABC2FF7-49FA-486C-B6AC-4083EADA8B81}.AppStore|ARM.ActiveCfg = Release|Any CPU
		{3ABC2FF7-49FA-486C-B6AC-4083EADA8B81}.AppStore|ARM.Build.0 = Release|Any CPU
		{3ABC2FF7-49FA-486C-B6AC-4083EADA8B81}.AppStore|iPhone.ActiveCfg = Release|Any CPU
		{3ABC2FF7-49FA-486C-B6AC-4083EADA8B81}.AppStore|iPhone.Build.0 = Release|Any CPU
		{3ABC2FF7-49FA-486C-B6AC-4083EADA8B81}.AppStore|iPhoneSimulator.ActiveCfg = Release|Any CPU
		{3ABC2FF7-49FA-486C-B6AC-4083EADA8B81}.AppStore|iPhoneSimulator.Build.0 = Release|Any CPU
		{3ABC2FF7-49FA-486C-B6AC-4083EADA8B81}.AppStore|x64.ActiveCfg = Release|Any CPU
		{3ABC2FF7-49FA-486C-B6AC-4083EADA8B81}.AppStore|x64.Build.0 = Release|Any CPU
		{3ABC2FF7-49FA-486C-B6AC-4083EADA8B81}.AppStore|x86.ActiveCfg = Release|Any CPU
		{3ABC2FF7-49FA-486C-B6AC-4083EADA8B81}.AppStore|x86.Build.0 = Release|Any CPU
		{3ABC2FF7-49FA-486C-B6AC-4083EADA8B81}.Debug|Any CPU.ActiveCfg = Debug|Any CPU
		{3ABC2FF7-49FA-486C-B6AC-4083EADA8B81}.Debug|Any CPU.Build.0 = Debug|Any CPU
		{3ABC2FF7-49FA-486C-B6AC-4083EADA8B81}.Debug|ARM.ActiveCfg = Debug|Any CPU
		{3ABC2FF7-49FA-486C-B6AC-4083EADA8B81}.Debug|ARM.Build.0 = Debug|Any CPU
		{3ABC2FF7-49FA-486C-B6AC-4083EADA8B81}.Debug|iPhone.ActiveCfg = Debug|Any CPU
		{3ABC2FF7-49FA-486C-B6AC-4083EADA8B81}.Debug|iPhone.Build.0 = Debug|Any CPU
		{3ABC2FF7-49FA-486C-B6AC-4083EADA8B81}.Debug|iPhoneSimulator.ActiveCfg = Debug|Any CPU
		{3ABC2FF7-49FA-486C-B6AC-4083EADA8B81}.Debug|iPhoneSimulator.Build.0 = Debug|Any CPU
		{3ABC2FF7-49FA-486C-B6AC-4083EADA8B81}.Debug|x64.ActiveCfg = Debug|Any CPU
		{3ABC2FF7-49FA-486C-B6AC-4083EADA8B81}.Debug|x64.Build.0 = Debug|Any CPU
		{3ABC2FF7-49FA-486C-B6AC-4083EADA8B81}.Debug|x86.ActiveCfg = Debug|Any CPU
		{3ABC2FF7-49FA-486C-B6AC-4083EADA8B81}.Debug|x86.Build.0 = Debug|Any CPU
		{3ABC2FF7-49FA-486C-B6AC-4083EADA8B81}.Release|Any CPU.ActiveCfg = Release|Any CPU
		{3ABC2FF7-49FA-486C-B6AC-4083EADA8B81}.Release|Any CPU.Build.0 = Release|Any CPU
		{3ABC2FF7-49FA-486C-B6AC-4083EADA8B81}.Release|ARM.ActiveCfg = Release|Any CPU
		{3ABC2FF7-49FA-486C-B6AC-4083EADA8B81}.Release|ARM.Build.0 = Release|Any CPU
		{3ABC2FF7-49FA-486C-B6AC-4083EADA8B81}.Release|iPhone.ActiveCfg = Release|Any CPU
		{3ABC2FF7-49FA-486C-B6AC-4083EADA8B81}.Release|iPhone.Build.0 = Release|Any CPU
		{3ABC2FF7-49FA-486C-B6AC-4083EADA8B81}.Release|iPhoneSimulator.ActiveCfg = Release|Any CPU
		{3ABC2FF7-49FA-486C-B6AC-4083EADA8B81}.Release|iPhoneSimulator.Build.0 = Release|Any CPU
		{3ABC2FF7-49FA-486C-B6AC-4083EADA8B81}.Release|x64.ActiveCfg = Release|Any CPU
		{3ABC2FF7-49FA-486C-B6AC-4083EADA8B81}.Release|x64.Build.0 = Release|Any CPU
		{3ABC2FF7-49FA-486C-B6AC-4083EADA8B81}.Release|x86.ActiveCfg = Release|Any CPU
		{3ABC2FF7-49FA-486C-B6AC-4083EADA8B81}.Release|x86.Build.0 = Release|Any CPU
	EndGlobalSection
	GlobalSection(SolutionProperties) = preSolution
		HideSolutionNode = FALSE
	EndGlobalSection
EndGlobal
